
Microsoft Visual Studio Solution File, Format Version 12.00
# Visual Studio Version 17
VisualStudioVersion = 17.0.31903.59
MinimumVisualStudioVersion = 10.0.40219.1
Project("{FAE04EC0-301F-11D3-BF4B-00C04F79EFBC}") = "API", "API\API.csproj", "{6E78A451-8225-4877-9B17-07399AA9D1E8}"
EndProject
Project("{FAE04EC0-301F-11D3-BF4B-00C04F79EFBC}") = "Core", "Core\Core.csproj", "{0343D112-9FE8-461E-BDBE-4DA01DED4E26}"
EndProject
Project("{FAE04EC0-301F-11D3-BF4B-00C04F79EFBC}") = "Infrastructure", "Infrastructure\Infrastructure.csproj", "{1CFAA7BB-63A4-419D-9D4A-D786FBFFFE0E}"
EndProject
Global
	GlobalSection(SolutionConfigurationPlatforms) = preSolution
		Debug|Any CPU = Debug|Any CPU
		Release|Any CPU = Release|Any CPU
	EndGlobalSection
	GlobalSection(SolutionProperties) = preSolution
		HideSolutionNode = FALSE
	EndGlobalSection
	GlobalSection(ProjectConfigurationPlatforms) = postSolution
		{6E78A451-8225-4877-9B17-07399AA9D1E8}.Debug|Any CPU.ActiveCfg = Debug|Any CPU
		{6E78A451-8225-4877-9B17-07399AA9D1E8}.Debug|Any CPU.Build.0 = Debug|Any CPU
		{6E78A451-8225-4877-9B17-07399AA9D1E8}.Release|Any CPU.ActiveCfg = Release|Any CPU
		{6E78A451-8225-4877-9B17-07399AA9D1E8}.Release|Any CPU.Build.0 = Release|Any CPU
		{0343D112-9FE8-461E-BDBE-4DA01DED4E26}.Debug|Any CPU.ActiveCfg = Debug|Any CPU
		{0343D112-9FE8-461E-BDBE-4DA01DED4E26}.Debug|Any CPU.Build.0 = Debug|Any CPU
		{0343D112-9FE8-461E-BDBE-4DA01DED4E26}.Release|Any CPU.ActiveCfg = Release|Any CPU
		{0343D112-9FE8-461E-BDBE-4DA01DED4E26}.Release|Any CPU.Build.0 = Release|Any CPU
		{1CFAA7BB-63A4-419D-9D4A-D786FBFFFE0E}.Debug|Any CPU.ActiveCfg = Debug|Any CPU
		{1CFAA7BB-63A4-419D-9D4A-D786FBFFFE0E}.Debug|Any CPU.Build.0 = Debug|Any CPU
		{1CFAA7BB-63A4-419D-9D4A-D786FBFFFE0E}.Release|Any CPU.ActiveCfg = Release|Any CPU
		{1CFAA7BB-63A4-419D-9D4A-D786FBFFFE0E}.Release|Any CPU.Build.0 = Release|Any CPU
	EndGlobalSection
EndGlobal
